
Microsoft Visual Studio Solution File, Format Version 12.00
# Visual Studio Version 18
VisualStudioVersion = 18.3.11520.95 d18.3
MinimumVisualStudioVersion = 10.0.40219.1
Project("{FAE04EC0-301F-11D3-BF4B-00C04F79EFBC}") = "Task2", "Task2.csproj", "{511450B3-BD27-4326-BDDE-794CF92E438C}"
EndProject
Global
	GlobalSection(SolutionConfigurationPlatforms) = preSolution
		Debug|Any CPU = Debug|Any CPU
		Release|Any CPU = Release|Any CPU
	EndGlobalSection
	GlobalSection(ProjectConfigurationPlatforms) = postSolution
		{511450B3-BD27-4326-BDDE-794CF92E438C}.Debug|Any CPU.ActiveCfg = Debug|Any CPU
		{511450B3-BD27-4326-BDDE-794CF92E438C}.Debug|Any CPU.Build.0 = Debug|Any CPU
		{511450B3-BD27-4326-BDDE-794CF92E438C}.Release|Any CPU.ActiveCfg = Release|Any CPU
		{511450B3-BD27-4326-BDDE-794CF92E438C}.Release|Any CPU.Build.0 = Release|Any CPU
	EndGlobalSection
	GlobalSection(SolutionProperties) = preSolution
		HideSolutionNode = FALSE
	EndGlobalSection
	GlobalSection(ExtensibilityGlobals) = postSolution
		SolutionGuid = {B58A6D40-7912-4DBF-81E1-93DE7D1F8FF4}
	EndGlobalSection
EndGlobal
