
Microsoft Visual Studio Solution File, Format Version 12.00
# Visual Studio Version 17
VisualStudioVersion = 17.14.36429.23 d17.14
MinimumVisualStudioVersion = 10.0.40219.1
Project("{FAE04EC0-301F-11D3-BF4B-00C04F79EFBC}") = "Task7", "Task7\Task7.csproj", "{EEC0CD22-A22D-4697-B02A-3ACBB90865C2}"
EndProject
Global
	GlobalSection(SolutionConfigurationPlatforms) = preSolution
		Debug|Any CPU = Debug|Any CPU
		Release|Any CPU = Release|Any CPU
	EndGlobalSection
	GlobalSection(ProjectConfigurationPlatforms) = postSolution
		{EEC0CD22-A22D-4697-B02A-3ACBB90865C2}.Debug|Any CPU.ActiveCfg = Debug|Any CPU
		{EEC0CD22-A22D-4697-B02A-3ACBB90865C2}.Debug|Any CPU.Build.0 = Debug|Any CPU
		{EEC0CD22-A22D-4697-B02A-3ACBB90865C2}.Release|Any CPU.ActiveCfg = Release|Any CPU
		{EEC0CD22-A22D-4697-B02A-3ACBB90865C2}.Release|Any CPU.Build.0 = Release|Any CPU
	EndGlobalSection
	GlobalSection(SolutionProperties) = preSolution
		HideSolutionNode = FALSE
	EndGlobalSection
	GlobalSection(ExtensibilityGlobals) = postSolution
		SolutionGuid = {7E9BCE94-EEA9-4B45-8AE6-E16ECBC2CF52}
	EndGlobalSection
EndGlobal
